
Microsoft Visual Studio Solution File, Format Version 12.00
# Visual Studio Version 16
VisualStudioVersion = 16.0.31105.61
MinimumVisualStudioVersion = 10.0.40219.1
Project("{9A19103F-16F7-4668-BE54-9A1E7A4F7556}") = "RabbitMQ.Producer", "RabbitMQ.Producer\RabbitMQ.Producer.csproj", "{53D44489-09BC-4CE9-95A3-71D0E4263D15}"
EndProject
Project("{9A19103F-16F7-4668-BE54-9A1E7A4F7556}") = "RabbitMQ.Consumer", "RabbitMQ.Consumer\RabbitMQ.Consumer.csproj", "{B7E1238B-C358-4495-8B1F-E122683299B7}"
EndProject
Project("{9A19103F-16F7-4668-BE54-9A1E7A4F7556}") = "Rabbit.Comum", "Rabbit.Comum\Rabbit.Comum.csproj", "{40A23DCA-38F3-48C9-9004-73FFCF9F055B}"
EndProject
Project("{2150E333-8FDC-42A3-9474-1A3956D46DE8}") = "Avancado", "Avancado", "{0D4C4AF5-4C86-4D37-B21A-7FF754FC8DBB}"
EndProject
Project("{2150E333-8FDC-42A3-9474-1A3956D46DE8}") = "DimensionamentoSimples", "DimensionamentoSimples", "{70ECC3DA-2CD3-4A2F-9A48-9DBEA31AF5F9}"
	ProjectSection(SolutionItems) = preProject
		Avancado\DimensionamentoSimples\Leiame.txt = Avancado\DimensionamentoSimples\Leiame.txt
	EndProjectSection
EndProject
Project("{9A19103F-16F7-4668-BE54-9A1E7A4F7556}") = "RabbitMQ.ConsumerMultiplo", "Avancado\DimensionamentoSimples\RabbitMQ.ConsumerMultiplo\RabbitMQ.ConsumerMultiplo.csproj", "{D6DE2F4D-D53E-4669-BC73-A61A3A48F0F6}"
EndProject
Project("{2150E333-8FDC-42A3-9474-1A3956D46DE8}") = "ExchangeFanout", "ExchangeFanout", "{6B8A972F-B180-4505-B2DD-6693CE6FF566}"
	ProjectSection(SolutionItems) = preProject
		Avancado\ExchangeFanout\Leiame.txt = Avancado\ExchangeFanout\Leiame.txt
	EndProjectSection
EndProject
Project("{9A19103F-16F7-4668-BE54-9A1E7A4F7556}") = "RabbitMQ.ProducerExchangeFanout", "Avancado\ExchangeFanout\RabbitMQ.ProducerExchangeFanout\RabbitMQ.ProducerExchangeFanout.csproj", "{CD5454EF-1C05-4879-8417-479A78B83B7E}"
EndProject
Project("{2150E333-8FDC-42A3-9474-1A3956D46DE8}") = "ExchangeDirect", "ExchangeDirect", "{C18A8439-68C2-4C33-9C0E-BB143A059AED}"
	ProjectSection(SolutionItems) = preProject
		Avancado\ExchangeDirect\Leiame.txt = Avancado\ExchangeDirect\Leiame.txt
	EndProjectSection
EndProject
Project("{9A19103F-16F7-4668-BE54-9A1E7A4F7556}") = "RabbitMQ.ProducerExchangeDirect", "Avancado\ExchangeDirect\RabbitMQ.ProducerExchangeDirect\RabbitMQ.ProducerExchangeDirect.csproj", "{8F13B734-85E9-43BD-B748-B3954669366D}"
EndProject
Project("{2150E333-8FDC-42A3-9474-1A3956D46DE8}") = "PesistenseMessage", "PesistenseMessage", "{83F2470C-915F-411F-9893-AA8A3C8D3C2B}"
EndProject
Project("{9A19103F-16F7-4668-BE54-9A1E7A4F7556}") = "RabbitMQ.PersistenseMessage", "Avancado\PesistenseMessage\RabbitMQ.PersistenseMessage\RabbitMQ.PersistenseMessage.csproj", "{58A16E07-522D-48AC-AC2F-3D524ECCB3C2}"
EndProject
Global
	GlobalSection(SolutionConfigurationPlatforms) = preSolution
		Debug|Any CPU = Debug|Any CPU
		Release|Any CPU = Release|Any CPU
	EndGlobalSection
	GlobalSection(ProjectConfigurationPlatforms) = postSolution
		{53D44489-09BC-4CE9-95A3-71D0E4263D15}.Debug|Any CPU.ActiveCfg = Debug|Any CPU
		{53D44489-09BC-4CE9-95A3-71D0E4263D15}.Debug|Any CPU.Build.0 = Debug|Any CPU
		{53D44489-09BC-4CE9-95A3-71D0E4263D15}.Release|Any CPU.ActiveCfg = Release|Any CPU
		{53D44489-09BC-4CE9-95A3-71D0E4263D15}.Release|Any CPU.Build.0 = Release|Any CPU
		{B7E1238B-C358-4495-8B1F-E122683299B7}.Debug|Any CPU.ActiveCfg = Debug|Any CPU
		{B7E1238B-C358-4495-8B1F-E122683299B7}.Debug|Any CPU.Build.0 = Debug|Any CPU
		{B7E1238B-C358-4495-8B1F-E122683299B7}.Release|Any CPU.ActiveCfg = Release|Any CPU
		{B7E1238B-C358-4495-8B1F-E122683299B7}.Release|Any CPU.Build.0 = Release|Any CPU
		{40A23DCA-38F3-48C9-9004-73FFCF9F055B}.Debug|Any CPU.ActiveCfg = Debug|Any CPU
		{40A23DCA-38F3-48C9-9004-73FFCF9F055B}.Debug|Any CPU.Build.0 = Debug|Any CPU
		{40A23DCA-38F3-48C9-9004-73FFCF9F055B}.Release|Any CPU.ActiveCfg = Release|Any CPU
		{40A23DCA-38F3-48C9-9004-73FFCF9F055B}.Release|Any CPU.Build.0 = Release|Any CPU
		{D6DE2F4D-D53E-4669-BC73-A61A3A48F0F6}.Debug|Any CPU.ActiveCfg = Debug|Any CPU
		{D6DE2F4D-D53E-4669-BC73-A61A3A48F0F6}.Debug|Any CPU.Build.0 = Debug|Any CPU
		{D6DE2F4D-D53E-4669-BC73-A61A3A48F0F6}.Release|Any CPU.ActiveCfg = Release|Any CPU
		{D6DE2F4D-D53E-4669-BC73-A61A3A48F0F6}.Release|Any CPU.Build.0 = Release|Any CPU
		{CD5454EF-1C05-4879-8417-479A78B83B7E}.Debug|Any CPU.ActiveCfg = Debug|Any CPU
		{CD5454EF-1C05-4879-8417-479A78B83B7E}.Debug|Any CPU.Build.0 = Debug|Any CPU
		{CD5454EF-1C05-4879-8417-479A78B83B7E}.Release|Any CPU.ActiveCfg = Release|Any CPU
		{CD5454EF-1C05-4879-8417-479A78B83B7E}.Release|Any CPU.Build.0 = Release|Any CPU
		{8F13B734-85E9-43BD-B748-B3954669366D}.Debug|Any CPU.ActiveCfg = Debug|Any CPU
		{8F13B734-85E9-43BD-B748-B3954669366D}.Debug|Any CPU.Build.0 = Debug|Any CPU
		{8F13B734-85E9-43BD-B748-B3954669366D}.Release|Any CPU.ActiveCfg = Release|Any CPU
		{8F13B734-85E9-43BD-B748-B3954669366D}.Release|Any CPU.Build.0 = Release|Any CPU
		{58A16E07-522D-48AC-AC2F-3D524ECCB3C2}.Debug|Any CPU.ActiveCfg = Debug|Any CPU
		{58A16E07-522D-48AC-AC2F-3D524ECCB3C2}.Debug|Any CPU.Build.0 = Debug|Any CPU
		{58A16E07-522D-48AC-AC2F-3D524ECCB3C2}.Release|Any CPU.ActiveCfg = Release|Any CPU
		{58A16E07-522D-48AC-AC2F-3D524ECCB3C2}.Release|Any CPU.Build.0 = Release|Any CPU
	EndGlobalSection
	GlobalSection(SolutionProperties) = preSolution
		HideSolutionNode = FALSE
	EndGlobalSection
	GlobalSection(NestedProjects) = preSolution
		{70ECC3DA-2CD3-4A2F-9A48-9DBEA31AF5F9} = {0D4C4AF5-4C86-4D37-B21A-7FF754FC8DBB}
		{D6DE2F4D-D53E-4669-BC73-A61A3A48F0F6} = {70ECC3DA-2CD3-4A2F-9A48-9DBEA31AF5F9}
		{6B8A972F-B180-4505-B2DD-6693CE6FF566} = {0D4C4AF5-4C86-4D37-B21A-7FF754FC8DBB}
		{CD5454EF-1C05-4879-8417-479A78B83B7E} = {6B8A972F-B180-4505-B2DD-6693CE6FF566}
		{C18A8439-68C2-4C33-9C0E-BB143A059AED} = {0D4C4AF5-4C86-4D37-B21A-7FF754FC8DBB}
		{8F13B734-85E9-43BD-B748-B3954669366D} = {C18A8439-68C2-4C33-9C0E-BB143A059AED}
		{83F2470C-915F-411F-9893-AA8A3C8D3C2B} = {0D4C4AF5-4C86-4D37-B21A-7FF754FC8DBB}
		{58A16E07-522D-48AC-AC2F-3D524ECCB3C2} = {83F2470C-915F-411F-9893-AA8A3C8D3C2B}
	EndGlobalSection
	GlobalSection(ExtensibilityGlobals) = postSolution
		SolutionGuid = {25D0E8EF-314E-4944-AD61-A873B2E732EA}
	EndGlobalSection
EndGlobal
